
Microsoft Visual Studio Solution File, Format Version 12.00
# Visual Studio 15
VisualStudioVersion = 15.0.27703.2042
MinimumVisualStudioVersion = 10.0.40219.1
Project("{FAE04EC0-301F-11D3-BF4B-00C04F79EFBC}") = "VirusTotal Uploader", "VirusTotal Uploader\VirusTotal Uploader.csproj", "{20CE2EBA-2012-4A3B-95BF-9D48C47A464F}"
EndProject
Global
	GlobalSection(SolutionConfigurationPlatforms) = preSolution
		Debug|Any CPU = Debug|Any CPU
		Release|Any CPU = Release|Any CPU
	EndGlobalSection
	GlobalSection(ProjectConfigurationPlatforms) = postSolution
		{20CE2EBA-2012-4A3B-95BF-9D48C47A464F}.Debug|Any CPU.ActiveCfg = Debug|Any CPU
		{20CE2EBA-2012-4A3B-95BF-9D48C47A464F}.Debug|Any CPU.Build.0 = Debug|Any CPU
		{20CE2EBA-2012-4A3B-95BF-9D48C47A464F}.Release|Any CPU.ActiveCfg = Release|Any CPU
		{20CE2EBA-2012-4A3B-95BF-9D48C47A464F}.Release|Any CPU.Build.0 = Release|Any CPU
	EndGlobalSection
	GlobalSection(SolutionProperties) = preSolution
		HideSolutionNode = FALSE
	EndGlobalSection
	GlobalSection(ExtensibilityGlobals) = postSolution
		SolutionGuid = {137D5AF6-F3E1-48F6-9747-53A6BE9A7F49}
	EndGlobalSection
EndGlobal
